PODS:
  - Alamofire (4.9.0)
  - LBTAComponents (1.1)
  - SwiftyJSON (4.3.0)
  - TRON (4.2.2):
    - Alamofire (~> 4.5)
    - TRON/SwiftyJSON (= 4.2.2)
  - TRON/Core (4.2.2):
    - Alamofire (~> 4.5)
  - TRON/SwiftyJSON (4.2.2):
    - Alamofire (~> 4.5)
    - SwiftyJSON (~> 4.0)
    - TRON/Core

DEPENDENCIES:
  - LBTAComponents
  - TRON

SPEC REPOS:
  https://github.com/cocoapods/specs.git:
    - Alamofire
    - LBTAComponents
    - SwiftyJSON
    - TRON

SPEC CHECKSUMS:
  Alamofire: afc3e7c6db61476cb45cdd23fed06bad03bbc321
  LBTAComponents: 2e7719683ddcf1cdf7280700438c0c6a5f7da550
  SwiftyJSON: 6faa0040f8b59dead0ee07436cbf76b73c08fd08
  TRON: 7df36a56e7c122b6d11c39e56bba7cf5ea11bbb8

PODFILE CHECKSUM: 37007d427bb3735f83210216688ad5708d489d59

COCOAPODS: 1.7.5
